<?xml version="1.0" encoding="utf-8"?>
<Project ToolsVersion="4.0" xmlns="http://schemas.microsoft.com/developer/msbuild/2003">
  <ItemGroup>
    <Filter Include="AF">
      <UniqueIdentifier>{EC725900-D8FE-870B-41AD-880B2D58880B}</UniqueIdentifier>
    </Filter>
  </ItemGroup>
  <ItemGroup>
    <ClInclude Include="src\AF.h" />
    <ClInclude Include="src\AF\Application.h">
      <Filter>AF</Filter>
    </ClInclude>
    <ClInclude Include="src\AF\Core.h">
      <Filter>AF</Filter>
    </ClInclude>
    <ClInclude Include="src\AF\EntryPoint.h">
      <Filter>AF</Filter>
    </ClInclude>
    <ClInclude Include="src\AF\Log.h">
      <Filter>AF</Filter>
    </ClInclude>
  </ItemGroup>
  <ItemGroup>
    <ClCompile Include="src\AF\Application.cpp">
      <Filter>AF</Filter>
    </ClCompile>
    <ClCompile Include="src\AF\Log.cpp">
      <Filter>AF</Filter>
    </ClCompile>
  </ItemGroup>
</Project>